// !$*UTF8*$!
{
	archiveVersion = 1;
	classes = {
	};
	objectVersion = 50;
	objects = {

/* Begin PBXBuildFile section */
		176D68FA1E77D37668B17A33 /* libPods-ZomatoFoundationTests.a in Frameworks */ = {isa = PBXBuildFile; fileRef = 47E1C25894E282259177F080 /* libPods-ZomatoFoundationTests.a */; };
		632C1EBE25C8A31B00530AE2 /* ZomatoFoundation.framework in Frameworks */ = {isa = PBXBuildFile; fileRef = 632C1EB425C8A31B00530AE2 /* ZomatoFoundation.framework */; };
		632C1EC325C8A31B00530AE2 /* ZomatoFoundationTests.swift in Sources */ = {isa = PBXBuildFile; fileRef = 632C1EC225C8A31B00530AE2 /* ZomatoFoundationTests.swift */; };
		632C1EC525C8A31B00530AE2 /* ZomatoFoundation.h in Headers */ = {isa = PBXBuildFile; fileRef = 632C1EB725C8A31B00530AE2 /* ZomatoFoundation.h */; settings = {ATTRIBUTES = (Public, ); }; };
		632C1EF525C8A37000530AE2 /* SqliteDatabase+Error.swift in Sources */ = {isa = PBXBuildFile; fileRef = 632C1ED225C8A37000530AE2 /* SqliteDatabase+Error.swift */; };
		632C1EF625C8A37000530AE2 /* ConcurrentSqliteDatabase.swift in Sources */ = {isa = PBXBuildFile; fileRef = 632C1ED325C8A37000530AE2 /* ConcurrentSqliteDatabase.swift */; };
		632C1EF725C8A37000530AE2 /* SqliteDatabase.swift in Sources */ = {isa = PBXBuildFile; fileRef = 632C1ED425C8A37000530AE2 /* SqliteDatabase.swift */; };
		632C1EF825C8A37000530AE2 /* SqliteStatement.swift in Sources */ = {isa = PBXBuildFile; fileRef = 632C1ED525C8A37000530AE2 /* SqliteStatement.swift */; };
		632C1EF925C8A37000530AE2 /* NetworkProtocol+ObjectMapper.swift in Sources */ = {isa = PBXBuildFile; fileRef = 632C1ED825C8A37000530AE2 /* NetworkProtocol+ObjectMapper.swift */; };
		632C1EFA25C8A37000530AE2 /* HttpClient.swift in Sources */ = {isa = PBXBuildFile; fileRef = 632C1ED925C8A37000530AE2 /* HttpClient.swift */; };
		632C1EFB25C8A37000530AE2 /* HttpContentType.swift in Sources */ = {isa = PBXBuildFile; fileRef = 632C1EDB25C8A37000530AE2 /* HttpContentType.swift */; };
		632C1EFC25C8A37000530AE2 /* HttpQueryParameter.swift in Sources */ = {isa = PBXBuildFile; fileRef = 632C1EDC25C8A37000530AE2 /* HttpQueryParameter.swift */; };
		632C1EFD25C8A37000530AE2 /* HttpMethod.swift in Sources */ = {isa = PBXBuildFile; fileRef = 632C1EDD25C8A37000530AE2 /* HttpMethod.swift */; };
		632C1EFE25C8A37000530AE2 /* HttpHeader.swift in Sources */ = {isa = PBXBuildFile; fileRef = 632C1EDE25C8A37000530AE2 /* HttpHeader.swift */; };
		632C1EFF25C8A37000530AE2 /* NetworkRequest.swift in Sources */ = {isa = PBXBuildFile; fileRef = 632C1EDF25C8A37000530AE2 /* NetworkRequest.swift */; };
		632C1F0025C8A37000530AE2 /* NetworkProtocol.swift in Sources */ = {isa = PBXBuildFile; fileRef = 632C1EE025C8A37000530AE2 /* NetworkProtocol.swift */; };
		632C1F0125C8A37000530AE2 /* NetworkError.swift in Sources */ = {isa = PBXBuildFile; fileRef = 632C1EE125C8A37000530AE2 /* NetworkError.swift */; };
		632C1F0A25C8A37000530AE2 /* Withable.swift in Sources */ = {isa = PBXBuildFile; fileRef = 632C1EEC25C8A37000530AE2 /* Withable.swift */; };
		632C1F0B25C8A37000530AE2 /* ObjectMapper.swift in Sources */ = {isa = PBXBuildFile; fileRef = 632C1EED25C8A37000530AE2 /* ObjectMapper.swift */; };
		632C1F0C25C8A37000530AE2 /* Weak.swift in Sources */ = {isa = PBXBuildFile; fileRef = 632C1EEE25C8A37000530AE2 /* Weak.swift */; };
		632C1F0F25C8A37000530AE2 /* Log.swift in Sources */ = {isa = PBXBuildFile; fileRef = 632C1EF325C8A37000530AE2 /* Log.swift */; };
		6367F5AC25CF3ED8006446C6 /* HttpClientTests.swift in Sources */ = {isa = PBXBuildFile; fileRef = 6367F5AB25CF3ED8006446C6 /* HttpClientTests.swift */; };
		6374CC7A25D1F0EE003EDDE0 /* ObservableType+Extensions.swift in Sources */ = {isa = PBXBuildFile; fileRef = 6374CC7825D1F0EE003EDDE0 /* ObservableType+Extensions.swift */; };
		6374CC7B25D1F0EE003EDDE0 /* ReadOnlyBehaviorRelay.swift in Sources */ = {isa = PBXBuildFile; fileRef = 6374CC7925D1F0EE003EDDE0 /* ReadOnlyBehaviorRelay.swift */; };
		6395F21125DF0BA900B1F8E4 /* LazyPropertyLoader.swift in Sources */ = {isa = PBXBuildFile; fileRef = 6395F21025DF0BA900B1F8E4 /* LazyPropertyLoader.swift */; };
		6395F21725DF0BAF00B1F8E4 /* LocalizedReplacer.swift in Sources */ = {isa = PBXBuildFile; fileRef = 6395F21525DF0BAF00B1F8E4 /* LocalizedReplacer.swift */; };
		6395F21825DF0BAF00B1F8E4 /* LocalizedString.swift in Sources */ = {isa = PBXBuildFile; fileRef = 6395F21625DF0BAF00B1F8E4 /* LocalizedString.swift */; };
		63A66B8125E19B6A00592A84 /* PublishSubject+Extensions.swift in Sources */ = {isa = PBXBuildFile; fileRef = 63A66B8025E19B6A00592A84 /* PublishSubject+Extensions.swift */; };
		BA477F0343C12F1B6537D333 /* libPods-ZomatoFoundation.a in Frameworks */ = {isa = PBXBuildFile; fileRef = 4425EBBDFEFCC37159A1D504 /* libPods-ZomatoFoundation.a */; };
/* End PBXBuildFile section */

/* Begin PBXContainerItemProxy section */
		632C1EBF25C8A31B00530AE2 /* PBXContainerItemProxy */ = {
			isa = PBXContainerItemProxy;
			containerPortal = 632C1EAB25C8A31B00530AE2 /* Project object */;
			proxyType = 1;
			remoteGlobalIDString = 632C1EB325C8A31B00530AE2;
			remoteInfo = ZomatoFoundation;
		};
/* End PBXContainerItemProxy section */

/* Begin PBXFileReference section */
		4425EBBDFEFCC37159A1D504 /* libPods-ZomatoFoundation.a */ = {isa = PBXFileReference; explicitFileType = archive.ar; includeInIndex = 0; path = "libPods-ZomatoFoundation.a"; sourceTree = BUILT_PRODUCTS_DIR; };
		47E1C25894E282259177F080 /* libPods-ZomatoFoundationTests.a */ = {isa = PBXFileReference; explicitFileType = archive.ar; includeInIndex = 0; path = "libPods-ZomatoFoundationTests.a"; sourceTree = BUILT_PRODUCTS_DIR; };
		50A8A83E37E16F97FCA9761F /* Pods-ZomatoFoundation.release.xcconfig */ = {isa = PBXFileReference; includeInIndex = 1; lastKnownFileType = text.xcconfig; name = "Pods-ZomatoFoundation.release.xcconfig"; path = "Target Support Files/Pods-ZomatoFoundation/Pods-ZomatoFoundation.release.xcconfig"; sourceTree = "<group>"; };
		55743C33B2F2CA43A93AEA1B /* Pods-ZomatoFoundation.debug.xcconfig */ = {isa = PBXFileReference; includeInIndex = 1; lastKnownFileType = text.xcconfig; name = "Pods-ZomatoFoundation.debug.xcconfig"; path = "Target Support Files/Pods-ZomatoFoundation/Pods-ZomatoFoundation.debug.xcconfig"; sourceTree = "<group>"; };
		632C1EB425C8A31B00530AE2 /* ZomatoFoundation.framework */ = {isa = PBXFileReference; explicitFileType = wrapper.framework; includeInIndex = 0; path = ZomatoFoundation.framework; sourceTree = BUILT_PRODUCTS_DIR; };
		632C1EB725C8A31B00530AE2 /* ZomatoFoundation.h */ = {isa = PBXFileReference; lastKnownFileType = sourcecode.c.h; path = ZomatoFoundation.h; sourceTree = "<group>"; };
		632C1EB825C8A31B00530AE2 /* Info.plist */ = {isa = PBXFileReference; lastKnownFileType = text.plist.xml; path = Info.plist; sourceTree = "<group>"; };
		632C1EBD25C8A31B00530AE2 /* ZomatoFoundationTests.xctest */ = {isa = PBXFileReference; explicitFileType = wrapper.cfbundle; includeInIndex = 0; path = ZomatoFoundationTests.xctest; sourceTree = BUILT_PRODUCTS_DIR; };
		632C1EC225C8A31B00530AE2 /* ZomatoFoundationTests.swift */ = {isa = PBXFileReference; lastKnownFileType = sourcecode.swift; path = ZomatoFoundationTests.swift; sourceTree = "<group>"; };
		632C1EC425C8A31B00530AE2 /* Info.plist */ = {isa = PBXFileReference; lastKnownFileType = text.plist.xml; path = Info.plist; sourceTree = "<group>"; };
		632C1ED225C8A37000530AE2 /* SqliteDatabase+Error.swift */ = {isa = PBXFileReference; fileEncoding = 4; lastKnownFileType = sourcecode.swift; path = "SqliteDatabase+Error.swift"; sourceTree = "<group>"; };
		632C1ED325C8A37000530AE2 /* ConcurrentSqliteDatabase.swift */ = {isa = PBXFileReference; fileEncoding = 4; lastKnownFileType = sourcecode.swift; path = ConcurrentSqliteDatabase.swift; sourceTree = "<group>"; };
		632C1ED425C8A37000530AE2 /* SqliteDatabase.swift */ = {isa = PBXFileReference; fileEncoding = 4; lastKnownFileType = sourcecode.swift; path = SqliteDatabase.swift; sourceTree = "<group>"; };
		632C1ED525C8A37000530AE2 /* SqliteStatement.swift */ = {isa = PBXFileReference; fileEncoding = 4; lastKnownFileType = sourcecode.swift; path = SqliteStatement.swift; sourceTree = "<group>"; };
		632C1ED825C8A37000530AE2 /* NetworkProtocol+ObjectMapper.swift */ = {isa = PBXFileReference; fileEncoding = 4; lastKnownFileType = sourcecode.swift; path = "NetworkProtocol+ObjectMapper.swift"; sourceTree = "<group>"; };
		632C1ED925C8A37000530AE2 /* HttpClient.swift */ = {isa = PBXFileReference; fileEncoding = 4; lastKnownFileType = sourcecode.swift; path = HttpClient.swift; sourceTree = "<group>"; };
		632C1EDB25C8A37000530AE2 /* HttpContentType.swift */ = {isa = PBXFileReference; fileEncoding = 4; lastKnownFileType = sourcecode.swift; path = HttpContentType.swift; sourceTree = "<group>"; };
		632C1EDC25C8A37000530AE2 /* HttpQueryParameter.swift */ = {isa = PBXFileReference; fileEncoding = 4; lastKnownFileType = sourcecode.swift; path = HttpQueryParameter.swift; sourceTree = "<group>"; };
		632C1EDD25C8A37000530AE2 /* HttpMethod.swift */ = {isa = PBXFileReference; fileEncoding = 4; lastKnownFileType = sourcecode.swift; path = HttpMethod.swift; sourceTree = "<group>"; };
		632C1EDE25C8A37000530AE2 /* HttpHeader.swift */ = {isa = PBXFileReference; fileEncoding = 4; lastKnownFileType = sourcecode.swift; path = HttpHeader.swift; sourceTree = "<group>"; };
		632C1EDF25C8A37000530AE2 /* NetworkRequest.swift */ = {isa = PBXFileReference; fileEncoding = 4; lastKnownFileType = sourcecode.swift; path = NetworkRequest.swift; sourceTree = "<group>"; };
		632C1EE025C8A37000530AE2 /* NetworkProtocol.swift */ = {isa = PBXFileReference; fileEncoding = 4; lastKnownFileType = sourcecode.swift; path = NetworkProtocol.swift; sourceTree = "<group>"; };
		632C1EE125C8A37000530AE2 /* NetworkError.swift */ = {isa = PBXFileReference; fileEncoding = 4; lastKnownFileType = sourcecode.swift; path = NetworkError.swift; sourceTree = "<group>"; };
		632C1EEC25C8A37000530AE2 /* Withable.swift */ = {isa = PBXFileReference; fileEncoding = 4; lastKnownFileType = sourcecode.swift; path = Withable.swift; sourceTree = "<group>"; };
		632C1EED25C8A37000530AE2 /* ObjectMapper.swift */ = {isa = PBXFileReference; fileEncoding = 4; lastKnownFileType = sourcecode.swift; path = ObjectMapper.swift; sourceTree = "<group>"; };
		632C1EEE25C8A37000530AE2 /* Weak.swift */ = {isa = PBXFileReference; fileEncoding = 4; lastKnownFileType = sourcecode.swift; path = Weak.swift; sourceTree = "<group>"; };
		632C1EF325C8A37000530AE2 /* Log.swift */ = {isa = PBXFileReference; fileEncoding = 4; lastKnownFileType = sourcecode.swift; path = Log.swift; sourceTree = "<group>"; };
		6367F5AB25CF3ED8006446C6 /* HttpClientTests.swift */ = {isa = PBXFileReference; lastKnownFileType = sourcecode.swift; path = HttpClientTests.swift; sourceTree = "<group>"; };
		6374CC7825D1F0EE003EDDE0 /* ObservableType+Extensions.swift */ = {isa = PBXFileReference; fileEncoding = 4; lastKnownFileType = sourcecode.swift; path = "ObservableType+Extensions.swift"; sourceTree = "<group>"; };
		6374CC7925D1F0EE003EDDE0 /* ReadOnlyBehaviorRelay.swift */ = {isa = PBXFileReference; fileEncoding = 4; lastKnownFileType = sourcecode.swift; path = ReadOnlyBehaviorRelay.swift; sourceTree = "<group>"; };
		6395F21025DF0BA900B1F8E4 /* LazyPropertyLoader.swift */ = {isa = PBXFileReference; fileEncoding = 4; lastKnownFileType = sourcecode.swift; path = LazyPropertyLoader.swift; sourceTree = "<group>"; };
		6395F21525DF0BAF00B1F8E4 /* LocalizedReplacer.swift */ = {isa = PBXFileReference; fileEncoding = 4; lastKnownFileType = sourcecode.swift; path = LocalizedReplacer.swift; sourceTree = "<group>"; };
		6395F21625DF0BAF00B1F8E4 /* LocalizedString.swift */ = {isa = PBXFileReference; fileEncoding = 4; lastKnownFileType = sourcecode.swift; path = LocalizedString.swift; sourceTree = "<group>"; };
		63A66B8025E19B6A00592A84 /* PublishSubject+Extensions.swift */ = {isa = PBXFileReference; fileEncoding = 4; lastKnownFileType = sourcecode.swift; path = "PublishSubject+Extensions.swift"; sourceTree = "<group>"; };
		E43864690F68C6DF939C0F47 /* Pods-ZomatoFoundationTests.debug.xcconfig */ = {isa = PBXFileReference; includeInIndex = 1; lastKnownFileType = text.xcconfig; name = "Pods-ZomatoFoundationTests.debug.xcconfig"; path = "Target Support Files/Pods-ZomatoFoundationTests/Pods-ZomatoFoundationTests.debug.xcconfig"; sourceTree = "<group>"; };
		ED341AB1EE8B0C53D175953C /* Pods-ZomatoFoundationTests.release.xcconfig */ = {isa = PBXFileReference; includeInIndex = 1; lastKnownFileType = text.xcconfig; name = "Pods-ZomatoFoundationTests.release.xcconfig"; path = "Target Support Files/Pods-ZomatoFoundationTests/Pods-ZomatoFoundationTests.release.xcconfig"; sourceTree = "<group>"; };
/* End PBXFileReference section */

/* Begin PBXFrameworksBuildPhase section */
		632C1EB125C8A31B00530AE2 /* Frameworks */ = {
			isa = PBXFrameworksBuildPhase;
			buildActionMask = 2147483647;
			files = (
				BA477F0343C12F1B6537D333 /* libPods-ZomatoFoundation.a in Frameworks */,
			);
			runOnlyForDeploymentPostprocessing = 0;
		};
		632C1EBA25C8A31B00530AE2 /* Frameworks */ = {
			isa = PBXFrameworksBuildPhase;
			buildActionMask = 2147483647;
			files = (
				632C1EBE25C8A31B00530AE2 /* ZomatoFoundation.framework in Frameworks */,
				176D68FA1E77D37668B17A33 /* libPods-ZomatoFoundationTests.a in Frameworks */,
			);
			runOnlyForDeploymentPostprocessing = 0;
		};
/* End PBXFrameworksBuildPhase section */

/* Begin PBXGroup section */
		24CE81E22837C46CB18F868A /* Pods */ = {
			isa = PBXGroup;
			children = (
				55743C33B2F2CA43A93AEA1B /* Pods-ZomatoFoundation.debug.xcconfig */,
				50A8A83E37E16F97FCA9761F /* Pods-ZomatoFoundation.release.xcconfig */,
				E43864690F68C6DF939C0F47 /* Pods-ZomatoFoundationTests.debug.xcconfig */,
				ED341AB1EE8B0C53D175953C /* Pods-ZomatoFoundationTests.release.xcconfig */,
			);
			path = Pods;
			sourceTree = "<group>";
		};
		632C1EAA25C8A31B00530AE2 = {
			isa = PBXGroup;
			children = (
				632C1EB625C8A31B00530AE2 /* ZomatoFoundation */,
				632C1EC125C8A31B00530AE2 /* ZomatoFoundationTests */,
				632C1EB525C8A31B00530AE2 /* Products */,
				24CE81E22837C46CB18F868A /* Pods */,
				7C7516A8A2C460BA9491AF93 /* Frameworks */,
			);
			sourceTree = "<group>";
		};
		632C1EB525C8A31B00530AE2 /* Products */ = {
			isa = PBXGroup;
			children = (
				632C1EB425C8A31B00530AE2 /* ZomatoFoundation.framework */,
				632C1EBD25C8A31B00530AE2 /* ZomatoFoundationTests.xctest */,
			);
			name = Products;
			sourceTree = "<group>";
		};
		632C1EB625C8A31B00530AE2 /* ZomatoFoundation */ = {
			isa = PBXGroup;
			children = (
				632C1EB725C8A31B00530AE2 /* ZomatoFoundation.h */,
				632C1EB825C8A31B00530AE2 /* Info.plist */,
				632C1ED025C8A37000530AE2 /* Source */,
			);
			path = ZomatoFoundation;
			sourceTree = "<group>";
		};
		632C1EC125C8A31B00530AE2 /* ZomatoFoundationTests */ = {
			isa = PBXGroup;
			children = (
				632C1EC225C8A31B00530AE2 /* ZomatoFoundationTests.swift */,
				6367F5AB25CF3ED8006446C6 /* HttpClientTests.swift */,
				632C1EC425C8A31B00530AE2 /* Info.plist */,
			);
			path = ZomatoFoundationTests;
			sourceTree = "<group>";
		};
		632C1ED025C8A37000530AE2 /* Source */ = {
			isa = PBXGroup;
			children = (
				632C1ED125C8A37000530AE2 /* Database */,
				6395F21425DF0BAF00B1F8E4 /* Localization */,
				632C1EF225C8A37000530AE2 /* Log */,
				632C1ED625C8A37000530AE2 /* Network */,
				63612D7B25D0559B002A8EBC /* RxSwiftExtensions */,
				632C1EEA25C8A37000530AE2 /* Utils */,
			);
			path = Source;
			sourceTree = "<group>";
		};
		632C1ED125C8A37000530AE2 /* Database */ = {
			isa = PBXGroup;
			children = (
				632C1ED325C8A37000530AE2 /* ConcurrentSqliteDatabase.swift */,
				632C1ED425C8A37000530AE2 /* SqliteDatabase.swift */,
				632C1ED225C8A37000530AE2 /* SqliteDatabase+Error.swift */,
				632C1ED525C8A37000530AE2 /* SqliteStatement.swift */,
			);
			path = Database;
			sourceTree = "<group>";
		};
		632C1ED625C8A37000530AE2 /* Network */ = {
			isa = PBXGroup;
			children = (
				632C1ED725C8A37000530AE2 /* Extension */,
				632C1EDA25C8A37000530AE2 /* Model */,
				632C1ED925C8A37000530AE2 /* HttpClient.swift */,
				632C1EE125C8A37000530AE2 /* NetworkError.swift */,
				632C1EE025C8A37000530AE2 /* NetworkProtocol.swift */,
			);
			path = Network;
			sourceTree = "<group>";
		};
		632C1ED725C8A37000530AE2 /* Extension */ = {
			isa = PBXGroup;
			children = (
				632C1ED825C8A37000530AE2 /* NetworkProtocol+ObjectMapper.swift */,
			);
			path = Extension;
			sourceTree = "<group>";
		};
		632C1EDA25C8A37000530AE2 /* Model */ = {
			isa = PBXGroup;
			children = (
				632C1EDB25C8A37000530AE2 /* HttpContentType.swift */,
				632C1EDC25C8A37000530AE2 /* HttpQueryParameter.swift */,
				632C1EDD25C8A37000530AE2 /* HttpMethod.swift */,
				632C1EDE25C8A37000530AE2 /* HttpHeader.swift */,
				632C1EDF25C8A37000530AE2 /* NetworkRequest.swift */,
			);
			path = Model;
			sourceTree = "<group>";
		};
		632C1EEA25C8A37000530AE2 /* Utils */ = {
			isa = PBXGroup;
			children = (
				6395F21025DF0BA900B1F8E4 /* LazyPropertyLoader.swift */,
				632C1EED25C8A37000530AE2 /* ObjectMapper.swift */,
				632C1EEE25C8A37000530AE2 /* Weak.swift */,
				632C1EEC25C8A37000530AE2 /* Withable.swift */,
			);
			path = Utils;
			sourceTree = "<group>";
		};
		632C1EF225C8A37000530AE2 /* Log */ = {
			isa = PBXGroup;
			children = (
				632C1EF325C8A37000530AE2 /* Log.swift */,
			);
			path = Log;
			sourceTree = "<group>";
		};
		63612D7B25D0559B002A8EBC /* RxSwiftExtensions */ = {
			isa = PBXGroup;
			children = (
				6374CC7825D1F0EE003EDDE0 /* ObservableType+Extensions.swift */,
				63A66B8025E19B6A00592A84 /* PublishSubject+Extensions.swift */,
				6374CC7925D1F0EE003EDDE0 /* ReadOnlyBehaviorRelay.swift */,
			);
			path = RxSwiftExtensions;
			sourceTree = "<group>";
		};
		6395F21425DF0BAF00B1F8E4 /* Localization */ = {
			isa = PBXGroup;
			children = (
				6395F21525DF0BAF00B1F8E4 /* LocalizedReplacer.swift */,
				6395F21625DF0BAF00B1F8E4 /* LocalizedString.swift */,
			);
			path = Localization;
			sourceTree = "<group>";
		};
		7C7516A8A2C460BA9491AF93 /* Frameworks */ = {
			isa = PBXGroup;
			children = (
				4425EBBDFEFCC37159A1D504 /* libPods-ZomatoFoundation.a */,
				47E1C25894E282259177F080 /* libPods-ZomatoFoundationTests.a */,
			);
			name = Frameworks;
			sourceTree = "<group>";
		};
/* End PBXGroup section */

/* Begin PBXHeadersBuildPhase section */
		632C1EAF25C8A31B00530AE2 /* Headers */ = {
			isa = PBXHeadersBuildPhase;
			buildActionMask = 2147483647;
			files = (
				632C1EC525C8A31B00530AE2 /* ZomatoFoundation.h in Headers */,
			);
			runOnlyForDeploymentPostprocessing = 0;
		};
/* End PBXHeadersBuildPhase section */

/* Begin PBXNativeTarget section */
		632C1EB325C8A31B00530AE2 /* ZomatoFoundation */ = {
			isa = PBXNativeTarget;
			buildConfigurationList = 632C1EC825C8A31B00530AE2 /* Build configuration list for PBXNativeTarget "ZomatoFoundation" */;
			buildPhases = (
				9F5EB3DB94D765E85BFB491D /* [CP] Check Pods Manifest.lock */,
				632C1EAF25C8A31B00530AE2 /* Headers */,
				632C1EB025C8A31B00530AE2 /* Sources */,
				632C1EB125C8A31B00530AE2 /* Frameworks */,
				632C1EB225C8A31B00530AE2 /* Resources */,
			);
			buildRules = (
			);
			dependencies = (
			);
			name = ZomatoFoundation;
			productName = ZomatoFoundation;
			productReference = 632C1EB425C8A31B00530AE2 /* ZomatoFoundation.framework */;
			productType = "com.apple.product-type.framework";
		};
		632C1EBC25C8A31B00530AE2 /* ZomatoFoundationTests */ = {
			isa = PBXNativeTarget;
			buildConfigurationList = 632C1ECB25C8A31B00530AE2 /* Build configuration list for PBXNativeTarget "ZomatoFoundationTests" */;
			buildPhases = (
				27781FA84881B5665A368C2E /* [CP] Check Pods Manifest.lock */,
				632C1EB925C8A31B00530AE2 /* Sources */,
				632C1EBA25C8A31B00530AE2 /* Frameworks */,
				632C1EBB25C8A31B00530AE2 /* Resources */,
			);
			buildRules = (
			);
			dependencies = (
				632C1EC025C8A31B00530AE2 /* PBXTargetDependency */,
			);
			name = ZomatoFoundationTests;
			productName = ZomatoFoundationTests;
			productReference = 632C1EBD25C8A31B00530AE2 /* ZomatoFoundationTests.xctest */;
			productType = "com.apple.product-type.bundle.unit-test";
		};
/* End PBXNativeTarget section */

/* Begin PBXProject section */
		632C1EAB25C8A31B00530AE2 /* Project object */ = {
			isa = PBXProject;
			attributes = {
				LastSwiftUpdateCheck = 1220;
				LastUpgradeCheck = 1220;
				TargetAttributes = {
					632C1EB325C8A31B00530AE2 = {
						CreatedOnToolsVersion = 12.2;
					};
					632C1EBC25C8A31B00530AE2 = {
						CreatedOnToolsVersion = 12.2;
					};
				};
			};
			buildConfigurationList = 632C1EAE25C8A31B00530AE2 /* Build configuration list for PBXProject "ZomatoFoundation" */;
			compatibilityVersion = "Xcode 9.3";
			developmentRegion = en;
			hasScannedForEncodings = 0;
			knownRegions = (
				en,
				Base,
			);
			mainGroup = 632C1EAA25C8A31B00530AE2;
			productRefGroup = 632C1EB525C8A31B00530AE2 /* Products */;
			projectDirPath = "";
			projectRoot = "";
			targets = (
				632C1EB325C8A31B00530AE2 /* ZomatoFoundation */,
				632C1EBC25C8A31B00530AE2 /* ZomatoFoundationTests */,
			);
		};
/* End PBXProject section */

/* Begin PBXResourcesBuildPhase section */
		632C1EB225C8A31B00530AE2 /* Resources */ = {
			isa = PBXResourcesBuildPhase;
			buildActionMask = 2147483647;
			files = (
			);
			runOnlyForDeploymentPostprocessing = 0;
		};
		632C1EBB25C8A31B00530AE2 /* Resources */ = {
			isa = PBXResourcesBuildPhase;
			buildActionMask = 2147483647;
			files = (
			);
			runOnlyForDeploymentPostprocessing = 0;
		};
/* End PBXResourcesBuildPhase section */

/* Begin PBXShellScriptBuildPhase section */
		27781FA84881B5665A368C2E /* [CP] Check Pods Manifest.lock */ = {
			isa = PBXShellScriptBuildPhase;
			buildActionMask = 2147483647;
			files = (
			);
			inputFileListPaths = (
			);
			inputPaths = (
				"${PODS_PODFILE_DIR_PATH}/Podfile.lock",
				"${PODS_ROOT}/Manifest.lock",
			);
			name = "[CP] Check Pods Manifest.lock";
			outputFileListPaths = (
			);
			outputPaths = (
				"$(DERIVED_FILE_DIR)/Pods-ZomatoFoundationTests-checkManifestLockResult.txt",
			);
			runOnlyForDeploymentPostprocessing = 0;
			shellPath = /bin/sh;
			shellScript = "diff \"${PODS_PODFILE_DIR_PATH}/Podfile.lock\" \"${PODS_ROOT}/Manifest.lock\" > /dev/null\nif [ $? != 0 ] ; then\n    # print error to STDERR\n    echo \"error: The sandbox is not in sync with the Podfile.lock. Run 'pod install' or update your CocoaPods installation.\" >&2\n    exit 1\nfi\n# This output is used by Xcode 'outputs' to avoid re-running this script phase.\necho \"SUCCESS\" > \"${SCRIPT_OUTPUT_FILE_0}\"\n";
			showEnvVarsInLog = 0;
		};
		9F5EB3DB94D765E85BFB491D /* [CP] Check Pods Manifest.lock */ = {
			isa = PBXShellScriptBuildPhase;
			buildActionMask = 2147483647;
			files = (
			);
			inputFileListPaths = (
			);
			inputPaths = (
				"${PODS_PODFILE_DIR_PATH}/Podfile.lock",
				"${PODS_ROOT}/Manifest.lock",
			);
			name = "[CP] Check Pods Manifest.lock";
			outputFileListPaths = (
			);
			outputPaths = (
				"$(DERIVED_FILE_DIR)/Pods-ZomatoFoundation-checkManifestLockResult.txt",
			);
			runOnlyForDeploymentPostprocessing = 0;
			shellPath = /bin/sh;
			shellScript = "diff \"${PODS_PODFILE_DIR_PATH}/Podfile.lock\" \"${PODS_ROOT}/Manifest.lock\" > /dev/null\nif [ $? != 0 ] ; then\n    # print error to STDERR\n    echo \"error: The sandbox is not in sync with the Podfile.lock. Run 'pod install' or update your CocoaPods installation.\" >&2\n    exit 1\nfi\n# This output is used by Xcode 'outputs' to avoid re-running this script phase.\necho \"SUCCESS\" > \"${SCRIPT_OUTPUT_FILE_0}\"\n";
			showEnvVarsInLog = 0;
		};
/* End PBXShellScriptBuildPhase section */

/* Begin PBXSourcesBuildPhase section */
		632C1EB025C8A31B00530AE2 /* Sources */ = {
			isa = PBXSourcesBuildPhase;
			buildActionMask = 2147483647;
			files = (
				632C1F0F25C8A37000530AE2 /* Log.swift in Sources */,
				632C1F0B25C8A37000530AE2 /* ObjectMapper.swift in Sources */,
				6395F21825DF0BAF00B1F8E4 /* LocalizedString.swift in Sources */,
				632C1EF725C8A37000530AE2 /* SqliteDatabase.swift in Sources */,
				632C1F0C25C8A37000530AE2 /* Weak.swift in Sources */,
				632C1EFB25C8A37000530AE2 /* HttpContentType.swift in Sources */,
				632C1EFC25C8A37000530AE2 /* HttpQueryParameter.swift in Sources */,
				632C1EF925C8A37000530AE2 /* NetworkProtocol+ObjectMapper.swift in Sources */,
				6395F21125DF0BA900B1F8E4 /* LazyPropertyLoader.swift in Sources */,
				632C1EFD25C8A37000530AE2 /* HttpMethod.swift in Sources */,
				632C1EF525C8A37000530AE2 /* SqliteDatabase+Error.swift in Sources */,
				632C1EFE25C8A37000530AE2 /* HttpHeader.swift in Sources */,
				632C1EF625C8A37000530AE2 /* ConcurrentSqliteDatabase.swift in Sources */,
				6374CC7A25D1F0EE003EDDE0 /* ObservableType+Extensions.swift in Sources */,
				6374CC7B25D1F0EE003EDDE0 /* ReadOnlyBehaviorRelay.swift in Sources */,
				632C1F0025C8A37000530AE2 /* NetworkProtocol.swift in Sources */,
				632C1EFF25C8A37000530AE2 /* NetworkRequest.swift in Sources */,
				632C1F0125C8A37000530AE2 /* NetworkError.swift in Sources */,
				632C1EFA25C8A37000530AE2 /* HttpClient.swift in Sources */,
				63A66B8125E19B6A00592A84 /* PublishSubject+Extensions.swift in Sources */,
				632C1F0A25C8A37000530AE2 /* Withable.swift in Sources */,
				6395F21725DF0BAF00B1F8E4 /* LocalizedReplacer.swift in Sources */,
				632C1EF825C8A37000530AE2 /* SqliteStatement.swift in Sources */,
			);
			runOnlyForDeploymentPostprocessing = 0;
		};
		632C1EB925C8A31B00530AE2 /* Sources */ = {
			isa = PBXSourcesBuildPhase;
			buildActionMask = 2147483647;
			files = (
				6367F5AC25CF3ED8006446C6 /* HttpClientTests.swift in Sources */,
				632C1EC325C8A31B00530AE2 /* ZomatoFoundationTests.swift in Sources */,
			);
			runOnlyForDeploymentPostprocessing = 0;
		};
/* End PBXSourcesBuildPhase section */

/* Begin PBXTargetDependency section */
		632C1EC025C8A31B00530AE2 /* PBXTargetDependency */ = {
			isa = PBXTargetDependency;
			target = 632C1EB325C8A31B00530AE2 /* ZomatoFoundation */;
			targetProxy = 632C1EBF25C8A31B00530AE2 /* PBXContainerItemProxy */;
		};
/* End PBXTargetDependency section */

/* Begin XCBuildConfiguration section */
		632C1EC625C8A31B00530AE2 /* Debug */ = {
			isa = XCBuildConfiguration;
			buildSettings = {
				ALWAYS_SEARCH_USER_PATHS = NO;
				CLANG_ANALYZER_NONNULL = YES;
				CLANG_ANALYZER_NUMBER_OBJECT_CONVERSION = YES_AGGRESSIVE;
				CLANG_CXX_LANGUAGE_STANDARD = "gnu++14";
				CLANG_CXX_LIBRARY = "libc++";
				CLANG_ENABLE_MODULES = YES;
				CLANG_ENABLE_OBJC_ARC = YES;
				CLANG_ENABLE_OBJC_WEAK = YES;
				CLANG_WARN_BLOCK_CAPTURE_AUTORELEASING = YES;
				CLANG_WARN_BOOL_CONVERSION = YES;
				CLANG_WARN_COMMA = YES;
				CLANG_WARN_CONSTANT_CONVERSION = YES;
				CLANG_WARN_DEPRECATED_OBJC_IMPLEMENTATIONS = YES;
				CLANG_WARN_DIRECT_OBJC_ISA_USAGE = YES_ERROR;
				CLANG_WARN_DOCUMENTATION_COMMENTS = YES;
				CLANG_WARN_EMPTY_BODY = YES;
				CLANG_WARN_ENUM_CONVERSION = YES;
				CLANG_WARN_INFINITE_RECURSION = YES;
				CLANG_WARN_INT_CONVERSION = YES;
				CLANG_WARN_NON_LITERAL_NULL_CONVERSION = YES;
				CLANG_WARN_OBJC_IMPLICIT_RETAIN_SELF = YES;
				CLANG_WARN_OBJC_LITERAL_CONVERSION = YES;
				CLANG_WARN_OBJC_ROOT_CLASS = YES_ERROR;
				CLANG_WARN_QUOTED_INCLUDE_IN_FRAMEWORK_HEADER = YES;
				CLANG_WARN_RANGE_LOOP_ANALYSIS = YES;
				CLANG_WARN_STRICT_PROTOTYPES = YES;
				CLANG_WARN_SUSPICIOUS_MOVE = YES;
				CLANG_WARN_UNGUARDED_AVAILABILITY = YES_AGGRESSIVE;
				CLANG_WARN_UNREACHABLE_CODE = YES;
				CLANG_WARN__DUPLICATE_METHOD_MATCH = YES;
				COPY_PHASE_STRIP = NO;
				CURRENT_PROJECT_VERSION = 1;
				DEBUG_INFORMATION_FORMAT = dwarf;
				ENABLE_STRICT_OBJC_MSGSEND = YES;
				ENABLE_TESTABILITY = YES;
				GCC_C_LANGUAGE_STANDARD = gnu11;
				GCC_DYNAMIC_NO_PIC = NO;
				GCC_NO_COMMON_BLOCKS = YES;
				GCC_OPTIMIZATION_LEVEL = 0;
				GCC_PREPROCESSOR_DEFINITIONS = (
					"DEBUG=1",
					"$(inherited)",
				);
				GCC_WARN_64_TO_32_BIT_CONVERSION = YES;
				GCC_WARN_ABOUT_RETURN_TYPE = YES_ERROR;
				GCC_WARN_UNDECLARED_SELECTOR = YES;
				GCC_WARN_UNINITIALIZED_AUTOS = YES_AGGRESSIVE;
				GCC_WARN_UNUSED_FUNCTION = YES;
				GCC_WARN_UNUSED_VARIABLE = YES;
				IPHONEOS_DEPLOYMENT_TARGET = 12.0;
				MTL_ENABLE_DEBUG_INFO = INCLUDE_SOURCE;
				MTL_FAST_MATH = YES;
				ONLY_ACTIVE_ARCH = YES;
				SDKROOT = iphoneos;
				SWIFT_ACTIVE_COMPILATION_CONDITIONS = DEBUG;
				SWIFT_OPTIMIZATION_LEVEL = "-Onone";
				VERSIONING_SYSTEM = "apple-generic";
				VERSION_INFO_PREFIX = "";
			};
			name = Debug;
		};
		632C1EC725C8A31B00530AE2 /* Release */ = {
			isa = XCBuildConfiguration;
			buildSettings = {
				ALWAYS_SEARCH_USER_PATHS = NO;
				CLANG_ANALYZER_NONNULL = YES;
				CLANG_ANALYZER_NUMBER_OBJECT_CONVERSION = YES_AGGRESSIVE;
				CLANG_CXX_LANGUAGE_STANDARD = "gnu++14";
				CLANG_CXX_LIBRARY = "libc++";
				CLANG_ENABLE_MODULES = YES;
				CLANG_ENABLE_OBJC_ARC = YES;
				CLANG_ENABLE_OBJC_WEAK = YES;
				CLANG_WARN_BLOCK_CAPTURE_AUTORELEASING = YES;
				CLANG_WARN_BOOL_CONVERSION = YES;
				CLANG_WARN_COMMA = YES;
				CLANG_WARN_CONSTANT_CONVERSION = YES;
				CLANG_WARN_DEPRECATED_OBJC_IMPLEMENTATIONS = YES;
				CLANG_WARN_DIRECT_OBJC_ISA_USAGE = YES_ERROR;
				CLANG_WARN_DOCUMENTATION_COMMENTS = YES;
				CLANG_WARN_EMPTY_BODY = YES;
				CLANG_WARN_ENUM_CONVERSION = YES;
				CLANG_WARN_INFINITE_RECURSION = YES;
				CLANG_WARN_INT_CONVERSION = YES;
				CLANG_WARN_NON_LITERAL_NULL_CONVERSION = YES;
				CLANG_WARN_OBJC_IMPLICIT_RETAIN_SELF = YES;
				CLANG_WARN_OBJC_LITERAL_CONVERSION = YES;
				CLANG_WARN_OBJC_ROOT_CLASS = YES_ERROR;
				CLANG_WARN_QUOTED_INCLUDE_IN_FRAMEWORK_HEADER = YES;
				CLANG_WARN_RANGE_LOOP_ANALYSIS = YES;
				CLANG_WARN_STRICT_PROTOTYPES = YES;
				CLANG_WARN_SUSPICIOUS_MOVE = YES;
				CLANG_WARN_UNGUARDED_AVAILABILITY = YES_AGGRESSIVE;
				CLANG_WARN_UNREACHABLE_CODE = YES;
				CLANG_WARN__DUPLICATE_METHOD_MATCH = YES;
				COPY_PHASE_STRIP = NO;
				CURRENT_PROJECT_VERSION = 1;
				DEBUG_INFORMATION_FORMAT = "dwarf-with-dsym";
				ENABLE_NS_ASSERTIONS = NO;
				ENABLE_STRICT_OBJC_MSGSEND = YES;
				GCC_C_LANGUAGE_STANDARD = gnu11;
				GCC_NO_COMMON_BLOCKS = YES;
				GCC_WARN_64_TO_32_BIT_CONVERSION = YES;
				GCC_WARN_ABOUT_RETURN_TYPE = YES_ERROR;
				GCC_WARN_UNDECLARED_SELECTOR = YES;
				GCC_WARN_UNINITIALIZED_AUTOS = YES_AGGRESSIVE;
				GCC_WARN_UNUSED_FUNCTION = YES;
				GCC_WARN_UNUSED_VARIABLE = YES;
				IPHONEOS_DEPLOYMENT_TARGET = 12.0;
				MTL_ENABLE_DEBUG_INFO = NO;
				MTL_FAST_MATH = YES;
				SDKROOT = iphoneos;
				SWIFT_COMPILATION_MODE = wholemodule;
				SWIFT_OPTIMIZATION_LEVEL = "-O";
				VALIDATE_PRODUCT = YES;
				VERSIONING_SYSTEM = "apple-generic";
				VERSION_INFO_PREFIX = "";
			};
			name = Release;
		};
		632C1EC925C8A31B00530AE2 /* Debug */ = {
			isa = XCBuildConfiguration;
			baseConfigurationReference = 55743C33B2F2CA43A93AEA1B /* Pods-ZomatoFoundation.debug.xcconfig */;
			buildSettings = {
				CODE_SIGN_STYLE = Automatic;
				DEFINES_MODULE = YES;
				DYLIB_COMPATIBILITY_VERSION = 1;
				DYLIB_CURRENT_VERSION = 1;
				DYLIB_INSTALL_NAME_BASE = "@rpath";
				INFOPLIST_FILE = ZomatoFoundation/Info.plist;
				INSTALL_PATH = "$(LOCAL_LIBRARY_DIR)/Frameworks";
				LD_RUNPATH_SEARCH_PATHS = (
					"$(inherited)",
					"@executable_path/Frameworks",
					"@loader_path/Frameworks",
				);
				PRODUCT_BUNDLE_IDENTIFIER = effectivelikeaboss.com.ZomatoFoundation;
				PRODUCT_NAME = "$(TARGET_NAME:c99extidentifier)";
				SKIP_INSTALL = YES;
				SWIFT_VERSION = 5.0;
				TARGETED_DEVICE_FAMILY = "1,2";
			};
			name = Debug;
		};
		632C1ECA25C8A31B00530AE2 /* Release */ = {
			isa = XCBuildConfiguration;
			baseConfigurationReference = 50A8A83E37E16F97FCA9761F /* Pods-ZomatoFoundation.release.xcconfig */;
			buildSettings = {
				CODE_SIGN_STYLE = Automatic;
				DEFINES_MODULE = YES;
				DYLIB_COMPATIBILITY_VERSION = 1;
				DYLIB_CURRENT_VERSION = 1;
				DYLIB_INSTALL_NAME_BASE = "@rpath";
				INFOPLIST_FILE = ZomatoFoundation/Info.plist;
				INSTALL_PATH = "$(LOCAL_LIBRARY_DIR)/Frameworks";
				LD_RUNPATH_SEARCH_PATHS = (
					"$(inherited)",
					"@executable_path/Frameworks",
					"@loader_path/Frameworks",
				);
				PRODUCT_BUNDLE_IDENTIFIER = effectivelikeaboss.com.ZomatoFoundation;
				PRODUCT_NAME = "$(TARGET_NAME:c99extidentifier)";
				SKIP_INSTALL = YES;
				SWIFT_VERSION = 5.0;
				TARGETED_DEVICE_FAMILY = "1,2";
			};
			name = Release;
		};
		632C1ECC25C8A31B00530AE2 /* Debug */ = {
			isa = XCBuildConfiguration;
			baseConfigurationReference = E43864690F68C6DF939C0F47 /* Pods-ZomatoFoundationTests.debug.xcconfig */;
			buildSettings = {
				CODE_SIGN_STYLE = Automatic;
				INFOPLIST_FILE = ZomatoFoundationTests/Info.plist;
				LD_RUNPATH_SEARCH_PATHS = (
					"$(inherited)",
					"@executable_path/Frameworks",
					"@loader_path/Frameworks",
				);
				PRODUCT_BUNDLE_IDENTIFIER = effectivelikeaboss.com.ZomatoFoundationTests;
				PRODUCT_NAME = "$(TARGET_NAME)";
				SWIFT_VERSION = 5.0;
				TARGETED_DEVICE_FAMILY = "1,2";
			};
			name = Debug;
		};
		632C1ECD25C8A31B00530AE2 /* Release */ = {
			isa = XCBuildConfiguration;
			baseConfigurationReference = ED341AB1EE8B0C53D175953C /* Pods-ZomatoFoundationTests.release.xcconfig */;
			buildSettings = {
				CODE_SIGN_STYLE = Automatic;
				INFOPLIST_FILE = ZomatoFoundationTests/Info.plist;
				LD_RUNPATH_SEARCH_PATHS = (
					"$(inherited)",
					"@executable_path/Frameworks",
					"@loader_path/Frameworks",
				);
				PRODUCT_BUNDLE_IDENTIFIER = effectivelikeaboss.com.ZomatoFoundationTests;
				PRODUCT_NAME = "$(TARGET_NAME)";
				SWIFT_VERSION = 5.0;
				TARGETED_DEVICE_FAMILY = "1,2";
			};
			name = Release;
		};
/* End XCBuildConfiguration section */

/* Begin XCConfigurationList section */
		632C1EAE25C8A31B00530AE2 /* Build configuration list for PBXProject "ZomatoFoundation" */ = {
			isa = XCConfigurationList;
			buildConfigurations = (
				632C1EC625C8A31B00530AE2 /* Debug */,
				632C1EC725C8A31B00530AE2 /* Release */,
			);
			defaultConfigurationIsVisible = 0;
			defaultConfigurationName = Release;
		};
		632C1EC825C8A31B00530AE2 /* Build configuration list for PBXNativeTarget "ZomatoFoundation" */ = {
			isa = XCConfigurationList;
			buildConfigurations = (
				632C1EC925C8A31B00530AE2 /* Debug */,
				632C1ECA25C8A31B00530AE2 /* Release */,
			);
			defaultConfigurationIsVisible = 0;
			defaultConfigurationName = Release;
		};
		632C1ECB25C8A31B00530AE2 /* Build configuration list for PBXNativeTarget "ZomatoFoundationTests" */ = {
			isa = XCConfigurationList;
			buildConfigurations = (
				632C1ECC25C8A31B00530AE2 /* Debug */,
				632C1ECD25C8A31B00530AE2 /* Release */,
			);
			defaultConfigurationIsVisible = 0;
			defaultConfigurationName = Release;
		};
/* End XCConfigurationList section */
	};
	rootObject = 632C1EAB25C8A31B00530AE2 /* Project object */;
}
