// !$*UTF8*$!
{
	archiveVersion = 1;
	classes = {
	};
	objectVersion = 51;
	objects = {

/* Begin PBXBuildFile section */
		637321AE25C8A6A90013874C /* ZomatoUIKit.framework in Frameworks */ = {isa = PBXBuildFile; fileRef = 637321A425C8A6A80013874C /* ZomatoUIKit.framework */; };
		637321B325C8A6A90013874C /* ZomatoUIKitTests.swift in Sources */ = {isa = PBXBuildFile; fileRef = 637321B225C8A6A90013874C /* ZomatoUIKitTests.swift */; };
		637321B525C8A6A90013874C /* ZomatoUIKit.h in Headers */ = {isa = PBXBuildFile; fileRef = 637321A725C8A6A80013874C /* ZomatoUIKit.h */; settings = {ATTRIBUTES = (Public, ); }; };
		637321D625C8A6CC0013874C /* UICollectionViewCell+CornerRadius.swift in Sources */ = {isa = PBXBuildFile; fileRef = 637321C225C8A6CC0013874C /* UICollectionViewCell+CornerRadius.swift */; };
		637321D725C8A6CC0013874C /* UIStackView+Subviews.swift in Sources */ = {isa = PBXBuildFile; fileRef = 637321C325C8A6CC0013874C /* UIStackView+Subviews.swift */; };
		637321D825C8A6CC0013874C /* UIColor+Theme.swift in Sources */ = {isa = PBXBuildFile; fileRef = 637321C425C8A6CC0013874C /* UIColor+Theme.swift */; };
		637321D925C8A6CC0013874C /* UIView+HuggingCompression.swift in Sources */ = {isa = PBXBuildFile; fileRef = 637321C525C8A6CC0013874C /* UIView+HuggingCompression.swift */; };
		637321DA25C8A6CC0013874C /* UICollectionView+Factory.swift in Sources */ = {isa = PBXBuildFile; fileRef = 637321C625C8A6CC0013874C /* UICollectionView+Factory.swift */; };
		637321DB25C8A6CC0013874C /* UIView+Shadow.swift in Sources */ = {isa = PBXBuildFile; fileRef = 637321C725C8A6CC0013874C /* UIView+Shadow.swift */; };
		637321DC25C8A6CC0013874C /* UIView+Subviews.swift in Sources */ = {isa = PBXBuildFile; fileRef = 637321C825C8A6CC0013874C /* UIView+Subviews.swift */; };
		637321DD25C8A6CC0013874C /* UIView+Animation.swift in Sources */ = {isa = PBXBuildFile; fileRef = 637321C925C8A6CC0013874C /* UIView+Animation.swift */; };
		637321DE25C8A6CC0013874C /* RoundEdgesLabel.swift in Sources */ = {isa = PBXBuildFile; fileRef = 637321CB25C8A6CC0013874C /* RoundEdgesLabel.swift */; };
		637321E425C8A6CC0013874C /* AccessibilityElementModel.swift in Sources */ = {isa = PBXBuildFile; fileRef = 637321D325C8A6CC0013874C /* AccessibilityElementModel.swift */; };
		637321E525C8A6CC0013874C /* UIAccessibilityTraits+AccessibilityElementTrait.swift in Sources */ = {isa = PBXBuildFile; fileRef = 637321D425C8A6CC0013874C /* UIAccessibilityTraits+AccessibilityElementTrait.swift */; };
		637321E625C8A6CC0013874C /* NSObject+Accessibility.swift in Sources */ = {isa = PBXBuildFile; fileRef = 637321D525C8A6CC0013874C /* NSObject+Accessibility.swift */; };
		6374CC7525D1F0DB003EDDE0 /* SharedSequenceConvertibleType+Extensions.swift in Sources */ = {isa = PBXBuildFile; fileRef = 6374CC7425D1F0DB003EDDE0 /* SharedSequenceConvertibleType+Extensions.swift */; };
		6395F22B25DF0C5800B1F8E4 /* BehaviorRelayDriver.swift in Sources */ = {isa = PBXBuildFile; fileRef = 6395F22925DF0C5800B1F8E4 /* BehaviorRelayDriver.swift */; };
		6395F22C25DF0C5800B1F8E4 /* BehaviorRelay+TwoWayBind.swift in Sources */ = {isa = PBXBuildFile; fileRef = 6395F22A25DF0C5800B1F8E4 /* BehaviorRelay+TwoWayBind.swift */; };
		6395F23625DF0C6F00B1F8E4 /* ActionViewModel.swift in Sources */ = {isa = PBXBuildFile; fileRef = 6395F23225DF0C6F00B1F8E4 /* ActionViewModel.swift */; };
		6395F23725DF0C6F00B1F8E4 /* UIButton+ActionViewModel.swift in Sources */ = {isa = PBXBuildFile; fileRef = 6395F23325DF0C6F00B1F8E4 /* UIButton+ActionViewModel.swift */; };
		6395F23825DF0C6F00B1F8E4 /* UITapGestureRecognizer+ActionViewModel.swift in Sources */ = {isa = PBXBuildFile; fileRef = 6395F23425DF0C6F00B1F8E4 /* UITapGestureRecognizer+ActionViewModel.swift */; };
		6395F23925DF0C6F00B1F8E4 /* ReadOnlyActionViewModel.swift in Sources */ = {isa = PBXBuildFile; fileRef = 6395F23525DF0C6F00B1F8E4 /* ReadOnlyActionViewModel.swift */; };
		8A8C42CA3DEF02FA942DAA6A /* Pods_ZomatoUIKit.framework in Frameworks */ = {isa = PBXBuildFile; fileRef = 5C0C7C6EAA7943A495600D0D /* Pods_ZomatoUIKit.framework */; };
		BBCFBCA97BB6BD841289ABCC /* Pods_ZomatoUIKitTests.framework in Frameworks */ = {isa = PBXBuildFile; fileRef = E7AEDD61377B4701F1B00584 /* Pods_ZomatoUIKitTests.framework */; };
/* End PBXBuildFile section */

/* Begin PBXContainerItemProxy section */
		637321AF25C8A6A90013874C /* PBXContainerItemProxy */ = {
			isa = PBXContainerItemProxy;
			containerPortal = 6373219B25C8A6A80013874C /* Project object */;
			proxyType = 1;
			remoteGlobalIDString = 637321A325C8A6A80013874C;
			remoteInfo = ZomatoUIKit;
		};
/* End PBXContainerItemProxy section */

/* Begin PBXFileReference section */
		066A93A7C3C854DA1DAE0112 /* Pods-ZomatoUIKitTests.release.xcconfig */ = {isa = PBXFileReference; includeInIndex = 1; lastKnownFileType = text.xcconfig; name = "Pods-ZomatoUIKitTests.release.xcconfig"; path = "Target Support Files/Pods-ZomatoUIKitTests/Pods-ZomatoUIKitTests.release.xcconfig"; sourceTree = "<group>"; };
		292334ECC4D8BBDF403ADD50 /* Pods-ZomatoUIKit.debug.xcconfig */ = {isa = PBXFileReference; includeInIndex = 1; lastKnownFileType = text.xcconfig; name = "Pods-ZomatoUIKit.debug.xcconfig"; path = "Target Support Files/Pods-ZomatoUIKit/Pods-ZomatoUIKit.debug.xcconfig"; sourceTree = "<group>"; };
		5C0C7C6EAA7943A495600D0D /* Pods_ZomatoUIKit.framework */ = {isa = PBXFileReference; explicitFileType = wrapper.framework; includeInIndex = 0; path = Pods_ZomatoUIKit.framework; sourceTree = BUILT_PRODUCTS_DIR; };
		637321A425C8A6A80013874C /* ZomatoUIKit.framework */ = {isa = PBXFileReference; explicitFileType = wrapper.framework; includeInIndex = 0; path = ZomatoUIKit.framework; sourceTree = BUILT_PRODUCTS_DIR; };
		637321A725C8A6A80013874C /* ZomatoUIKit.h */ = {isa = PBXFileReference; lastKnownFileType = sourcecode.c.h; path = ZomatoUIKit.h; sourceTree = "<group>"; };
		637321A825C8A6A80013874C /* Info.plist */ = {isa = PBXFileReference; lastKnownFileType = text.plist.xml; path = Info.plist; sourceTree = "<group>"; };
		637321AD25C8A6A90013874C /* ZomatoUIKitTests.xctest */ = {isa = PBXFileReference; explicitFileType = wrapper.cfbundle; includeInIndex = 0; path = ZomatoUIKitTests.xctest; sourceTree = BUILT_PRODUCTS_DIR; };
		637321B225C8A6A90013874C /* ZomatoUIKitTests.swift */ = {isa = PBXFileReference; lastKnownFileType = sourcecode.swift; path = ZomatoUIKitTests.swift; sourceTree = "<group>"; };
		637321B425C8A6A90013874C /* Info.plist */ = {isa = PBXFileReference; lastKnownFileType = text.plist.xml; path = Info.plist; sourceTree = "<group>"; };
		637321C225C8A6CC0013874C /* UICollectionViewCell+CornerRadius.swift */ = {isa = PBXFileReference; fileEncoding = 4; lastKnownFileType = sourcecode.swift; path = "UICollectionViewCell+CornerRadius.swift"; sourceTree = "<group>"; };
		637321C325C8A6CC0013874C /* UIStackView+Subviews.swift */ = {isa = PBXFileReference; fileEncoding = 4; lastKnownFileType = sourcecode.swift; path = "UIStackView+Subviews.swift"; sourceTree = "<group>"; };
		637321C425C8A6CC0013874C /* UIColor+Theme.swift */ = {isa = PBXFileReference; fileEncoding = 4; lastKnownFileType = sourcecode.swift; path = "UIColor+Theme.swift"; sourceTree = "<group>"; };
		637321C525C8A6CC0013874C /* UIView+HuggingCompression.swift */ = {isa = PBXFileReference; fileEncoding = 4; lastKnownFileType = sourcecode.swift; path = "UIView+HuggingCompression.swift"; sourceTree = "<group>"; };
		637321C625C8A6CC0013874C /* UICollectionView+Factory.swift */ = {isa = PBXFileReference; fileEncoding = 4; lastKnownFileType = sourcecode.swift; path = "UICollectionView+Factory.swift"; sourceTree = "<group>"; };
		637321C725C8A6CC0013874C /* UIView+Shadow.swift */ = {isa = PBXFileReference; fileEncoding = 4; lastKnownFileType = sourcecode.swift; path = "UIView+Shadow.swift"; sourceTree = "<group>"; };
		637321C825C8A6CC0013874C /* UIView+Subviews.swift */ = {isa = PBXFileReference; fileEncoding = 4; lastKnownFileType = sourcecode.swift; path = "UIView+Subviews.swift"; sourceTree = "<group>"; };
		637321C925C8A6CC0013874C /* UIView+Animation.swift */ = {isa = PBXFileReference; fileEncoding = 4; lastKnownFileType = sourcecode.swift; path = "UIView+Animation.swift"; sourceTree = "<group>"; };
		637321CB25C8A6CC0013874C /* RoundEdgesLabel.swift */ = {isa = PBXFileReference; fileEncoding = 4; lastKnownFileType = sourcecode.swift; path = RoundEdgesLabel.swift; sourceTree = "<group>"; };
		637321D325C8A6CC0013874C /* AccessibilityElementModel.swift */ = {isa = PBXFileReference; fileEncoding = 4; lastKnownFileType = sourcecode.swift; path = AccessibilityElementModel.swift; sourceTree = "<group>"; };
		637321D425C8A6CC0013874C /* UIAccessibilityTraits+AccessibilityElementTrait.swift */ = {isa = PBXFileReference; fileEncoding = 4; lastKnownFileType = sourcecode.swift; path = "UIAccessibilityTraits+AccessibilityElementTrait.swift"; sourceTree = "<group>"; };
		637321D525C8A6CC0013874C /* NSObject+Accessibility.swift */ = {isa = PBXFileReference; fileEncoding = 4; lastKnownFileType = sourcecode.swift; path = "NSObject+Accessibility.swift"; sourceTree = "<group>"; };
		6374CC7425D1F0DB003EDDE0 /* SharedSequenceConvertibleType+Extensions.swift */ = {isa = PBXFileReference; fileEncoding = 4; lastKnownFileType = sourcecode.swift; path = "SharedSequenceConvertibleType+Extensions.swift"; sourceTree = "<group>"; };
		6395F22925DF0C5800B1F8E4 /* BehaviorRelayDriver.swift */ = {isa = PBXFileReference; fileEncoding = 4; lastKnownFileType = sourcecode.swift; path = BehaviorRelayDriver.swift; sourceTree = "<group>"; };
		6395F22A25DF0C5800B1F8E4 /* BehaviorRelay+TwoWayBind.swift */ = {isa = PBXFileReference; fileEncoding = 4; lastKnownFileType = sourcecode.swift; path = "BehaviorRelay+TwoWayBind.swift"; sourceTree = "<group>"; };
		6395F23225DF0C6F00B1F8E4 /* ActionViewModel.swift */ = {isa = PBXFileReference; fileEncoding = 4; lastKnownFileType = sourcecode.swift; path = ActionViewModel.swift; sourceTree = "<group>"; };
		6395F23325DF0C6F00B1F8E4 /* UIButton+ActionViewModel.swift */ = {isa = PBXFileReference; fileEncoding = 4; lastKnownFileType = sourcecode.swift; path = "UIButton+ActionViewModel.swift"; sourceTree = "<group>"; };
		6395F23425DF0C6F00B1F8E4 /* UITapGestureRecognizer+ActionViewModel.swift */ = {isa = PBXFileReference; fileEncoding = 4; lastKnownFileType = sourcecode.swift; path = "UITapGestureRecognizer+ActionViewModel.swift"; sourceTree = "<group>"; };
		6395F23525DF0C6F00B1F8E4 /* ReadOnlyActionViewModel.swift */ = {isa = PBXFileReference; fileEncoding = 4; lastKnownFileType = sourcecode.swift; path = ReadOnlyActionViewModel.swift; sourceTree = "<group>"; };
		74D3281EAA2C1AF264B00690 /* Pods-ZomatoUIKitTests.debug.xcconfig */ = {isa = PBXFileReference; includeInIndex = 1; lastKnownFileType = text.xcconfig; name = "Pods-ZomatoUIKitTests.debug.xcconfig"; path = "Target Support Files/Pods-ZomatoUIKitTests/Pods-ZomatoUIKitTests.debug.xcconfig"; sourceTree = "<group>"; };
		7C287D190047DF085D7A59CE /* Pods-ZomatoUIKit.release.xcconfig */ = {isa = PBXFileReference; includeInIndex = 1; lastKnownFileType = text.xcconfig; name = "Pods-ZomatoUIKit.release.xcconfig"; path = "Target Support Files/Pods-ZomatoUIKit/Pods-ZomatoUIKit.release.xcconfig"; sourceTree = "<group>"; };
		E7AEDD61377B4701F1B00584 /* Pods_ZomatoUIKitTests.framework */ = {isa = PBXFileReference; explicitFileType = wrapper.framework; includeInIndex = 0; path = Pods_ZomatoUIKitTests.framework; sourceTree = BUILT_PRODUCTS_DIR; };
/* End PBXFileReference section */

/* Begin PBXFrameworksBuildPhase section */
		637321A125C8A6A80013874C /* Frameworks */ = {
			isa = PBXFrameworksBuildPhase;
			buildActionMask = 2147483647;
			files = (
				8A8C42CA3DEF02FA942DAA6A /* Pods_ZomatoUIKit.framework in Frameworks */,
			);
			runOnlyForDeploymentPostprocessing = 0;
		};
		637321AA25C8A6A90013874C /* Frameworks */ = {
			isa = PBXFrameworksBuildPhase;
			buildActionMask = 2147483647;
			files = (
				637321AE25C8A6A90013874C /* ZomatoUIKit.framework in Frameworks */,
				BBCFBCA97BB6BD841289ABCC /* Pods_ZomatoUIKitTests.framework in Frameworks */,
			);
			runOnlyForDeploymentPostprocessing = 0;
		};
/* End PBXFrameworksBuildPhase section */

/* Begin PBXGroup section */
		054409FF9C9C7D3EC094DD14 /* Frameworks */ = {
			isa = PBXGroup;
			children = (
				5C0C7C6EAA7943A495600D0D /* Pods_ZomatoUIKit.framework */,
				E7AEDD61377B4701F1B00584 /* Pods_ZomatoUIKitTests.framework */,
			);
			name = Frameworks;
			sourceTree = "<group>";
		};
		63612DA825D05FCA002A8EBC /* RxSwiftExtensions */ = {
			isa = PBXGroup;
			children = (
				6395F22A25DF0C5800B1F8E4 /* BehaviorRelay+TwoWayBind.swift */,
				6395F22925DF0C5800B1F8E4 /* BehaviorRelayDriver.swift */,
				6374CC7425D1F0DB003EDDE0 /* SharedSequenceConvertibleType+Extensions.swift */,
			);
			path = RxSwiftExtensions;
			sourceTree = "<group>";
		};
		6373219A25C8A6A80013874C = {
			isa = PBXGroup;
			children = (
				637321A625C8A6A80013874C /* ZomatoUIKit */,
				637321B125C8A6A90013874C /* ZomatoUIKitTests */,
				637321A525C8A6A80013874C /* Products */,
				BDCF7373B7E3D2AD2C6F146F /* Pods */,
				054409FF9C9C7D3EC094DD14 /* Frameworks */,
			);
			sourceTree = "<group>";
		};
		637321A525C8A6A80013874C /* Products */ = {
			isa = PBXGroup;
			children = (
				637321A425C8A6A80013874C /* ZomatoUIKit.framework */,
				637321AD25C8A6A90013874C /* ZomatoUIKitTests.xctest */,
			);
			name = Products;
			sourceTree = "<group>";
		};
		637321A625C8A6A80013874C /* ZomatoUIKit */ = {
			isa = PBXGroup;
			children = (
				637321A725C8A6A80013874C /* ZomatoUIKit.h */,
				637321A825C8A6A80013874C /* Info.plist */,
				637321C025C8A6CC0013874C /* Source */,
			);
			path = ZomatoUIKit;
			sourceTree = "<group>";
		};
		637321B125C8A6A90013874C /* ZomatoUIKitTests */ = {
			isa = PBXGroup;
			children = (
				637321B225C8A6A90013874C /* ZomatoUIKitTests.swift */,
				637321B425C8A6A90013874C /* Info.plist */,
			);
			path = ZomatoUIKitTests;
			sourceTree = "<group>";
		};
		637321C025C8A6CC0013874C /* Source */ = {
			isa = PBXGroup;
			children = (
				637321D225C8A6CC0013874C /* Accessibility */,
				6395F23125DF0C6F00B1F8E4 /* Action */,
				637321CA25C8A6CC0013874C /* Components */,
				637321C125C8A6CC0013874C /* Extensions */,
				63612DA825D05FCA002A8EBC /* RxSwiftExtensions */,
			);
			path = Source;
			sourceTree = "<group>";
		};
		637321C125C8A6CC0013874C /* Extensions */ = {
			isa = PBXGroup;
			children = (
				637321C225C8A6CC0013874C /* UICollectionViewCell+CornerRadius.swift */,
				637321C325C8A6CC0013874C /* UIStackView+Subviews.swift */,
				637321C425C8A6CC0013874C /* UIColor+Theme.swift */,
				637321C525C8A6CC0013874C /* UIView+HuggingCompression.swift */,
				637321C625C8A6CC0013874C /* UICollectionView+Factory.swift */,
				637321C725C8A6CC0013874C /* UIView+Shadow.swift */,
				637321C825C8A6CC0013874C /* UIView+Subviews.swift */,
				637321C925C8A6CC0013874C /* UIView+Animation.swift */,
			);
			path = Extensions;
			sourceTree = "<group>";
		};
		637321CA25C8A6CC0013874C /* Components */ = {
			isa = PBXGroup;
			children = (
				637321CB25C8A6CC0013874C /* RoundEdgesLabel.swift */,
			);
			path = Components;
			sourceTree = "<group>";
		};
		637321D225C8A6CC0013874C /* Accessibility */ = {
			isa = PBXGroup;
			children = (
				637321D325C8A6CC0013874C /* AccessibilityElementModel.swift */,
				637321D425C8A6CC0013874C /* UIAccessibilityTraits+AccessibilityElementTrait.swift */,
				637321D525C8A6CC0013874C /* NSObject+Accessibility.swift */,
			);
			path = Accessibility;
			sourceTree = "<group>";
		};
		6395F23125DF0C6F00B1F8E4 /* Action */ = {
			isa = PBXGroup;
			children = (
				6395F23225DF0C6F00B1F8E4 /* ActionViewModel.swift */,
				6395F23525DF0C6F00B1F8E4 /* ReadOnlyActionViewModel.swift */,
				6395F23325DF0C6F00B1F8E4 /* UIButton+ActionViewModel.swift */,
				6395F23425DF0C6F00B1F8E4 /* UITapGestureRecognizer+ActionViewModel.swift */,
			);
			path = Action;
			sourceTree = "<group>";
		};
		BDCF7373B7E3D2AD2C6F146F /* Pods */ = {
			isa = PBXGroup;
			children = (
				292334ECC4D8BBDF403ADD50 /* Pods-ZomatoUIKit.debug.xcconfig */,
				7C287D190047DF085D7A59CE /* Pods-ZomatoUIKit.release.xcconfig */,
				74D3281EAA2C1AF264B00690 /* Pods-ZomatoUIKitTests.debug.xcconfig */,
				066A93A7C3C854DA1DAE0112 /* Pods-ZomatoUIKitTests.release.xcconfig */,
			);
			path = Pods;
			sourceTree = "<group>";
		};
/* End PBXGroup section */

/* Begin PBXHeadersBuildPhase section */
		6373219F25C8A6A80013874C /* Headers */ = {
			isa = PBXHeadersBuildPhase;
			buildActionMask = 2147483647;
			files = (
				637321B525C8A6A90013874C /* ZomatoUIKit.h in Headers */,
			);
			runOnlyForDeploymentPostprocessing = 0;
		};
/* End PBXHeadersBuildPhase section */

/* Begin PBXNativeTarget section */
		637321A325C8A6A80013874C /* ZomatoUIKit */ = {
			isa = PBXNativeTarget;
			buildConfigurationList = 637321B825C8A6A90013874C /* Build configuration list for PBXNativeTarget "ZomatoUIKit" */;
			buildPhases = (
				541EC7F1C39959295F08E8F4 /* [CP] Check Pods Manifest.lock */,
				6373219F25C8A6A80013874C /* Headers */,
				637321A025C8A6A80013874C /* Sources */,
				637321A125C8A6A80013874C /* Frameworks */,
				637321A225C8A6A80013874C /* Resources */,
			);
			buildRules = (
			);
			dependencies = (
			);
			name = ZomatoUIKit;
			productName = ZomatoUIKit;
			productReference = 637321A425C8A6A80013874C /* ZomatoUIKit.framework */;
			productType = "com.apple.product-type.framework";
		};
		637321AC25C8A6A90013874C /* ZomatoUIKitTests */ = {
			isa = PBXNativeTarget;
			buildConfigurationList = 637321BB25C8A6A90013874C /* Build configuration list for PBXNativeTarget "ZomatoUIKitTests" */;
			buildPhases = (
				F302FDB5F077212BBE7C9BEA /* [CP] Check Pods Manifest.lock */,
				637321A925C8A6A90013874C /* Sources */,
				637321AA25C8A6A90013874C /* Frameworks */,
				637321AB25C8A6A90013874C /* Resources */,
				3F26CEBC0BA33CFF41B5DD29 /* [CP] Embed Pods Frameworks */,
			);
			buildRules = (
			);
			dependencies = (
				637321B025C8A6A90013874C /* PBXTargetDependency */,
			);
			name = ZomatoUIKitTests;
			productName = ZomatoUIKitTests;
			productReference = 637321AD25C8A6A90013874C /* ZomatoUIKitTests.xctest */;
			productType = "com.apple.product-type.bundle.unit-test";
		};
/* End PBXNativeTarget section */

/* Begin PBXProject section */
		6373219B25C8A6A80013874C /* Project object */ = {
			isa = PBXProject;
			attributes = {
				LastSwiftUpdateCheck = 1220;
				LastUpgradeCheck = 1220;
				TargetAttributes = {
					637321A325C8A6A80013874C = {
						CreatedOnToolsVersion = 12.2;
					};
					637321AC25C8A6A90013874C = {
						CreatedOnToolsVersion = 12.2;
					};
				};
			};
			buildConfigurationList = 6373219E25C8A6A80013874C /* Build configuration list for PBXProject "ZomatoUIKit" */;
			compatibilityVersion = "Xcode 9.3";
			developmentRegion = en;
			hasScannedForEncodings = 0;
			knownRegions = (
				en,
				Base,
			);
			mainGroup = 6373219A25C8A6A80013874C;
			productRefGroup = 637321A525C8A6A80013874C /* Products */;
			projectDirPath = "";
			projectRoot = "";
			targets = (
				637321A325C8A6A80013874C /* ZomatoUIKit */,
				637321AC25C8A6A90013874C /* ZomatoUIKitTests */,
			);
		};
/* End PBXProject section */

/* Begin PBXResourcesBuildPhase section */
		637321A225C8A6A80013874C /* Resources */ = {
			isa = PBXResourcesBuildPhase;
			buildActionMask = 2147483647;
			files = (
			);
			runOnlyForDeploymentPostprocessing = 0;
		};
		637321AB25C8A6A90013874C /* Resources */ = {
			isa = PBXResourcesBuildPhase;
			buildActionMask = 2147483647;
			files = (
			);
			runOnlyForDeploymentPostprocessing = 0;
		};
/* End PBXResourcesBuildPhase section */

/* Begin PBXShellScriptBuildPhase section */
		3F26CEBC0BA33CFF41B5DD29 /* [CP] Embed Pods Frameworks */ = {
			isa = PBXShellScriptBuildPhase;
			buildActionMask = 2147483647;
			files = (
			);
			inputFileListPaths = (
				"${PODS_ROOT}/Target Support Files/Pods-ZomatoUIKitTests/Pods-ZomatoUIKitTests-frameworks-${CONFIGURATION}-input-files.xcfilelist",
			);
			name = "[CP] Embed Pods Frameworks";
			outputFileListPaths = (
				"${PODS_ROOT}/Target Support Files/Pods-ZomatoUIKitTests/Pods-ZomatoUIKitTests-frameworks-${CONFIGURATION}-output-files.xcfilelist",
			);
			runOnlyForDeploymentPostprocessing = 0;
			shellPath = /bin/sh;
			shellScript = "\"${PODS_ROOT}/Target Support Files/Pods-ZomatoUIKitTests/Pods-ZomatoUIKitTests-frameworks.sh\"\n";
			showEnvVarsInLog = 0;
		};
		541EC7F1C39959295F08E8F4 /* [CP] Check Pods Manifest.lock */ = {
			isa = PBXShellScriptBuildPhase;
			buildActionMask = 2147483647;
			files = (
			);
			inputFileListPaths = (
			);
			inputPaths = (
				"${PODS_PODFILE_DIR_PATH}/Podfile.lock",
				"${PODS_ROOT}/Manifest.lock",
			);
			name = "[CP] Check Pods Manifest.lock";
			outputFileListPaths = (
			);
			outputPaths = (
				"$(DERIVED_FILE_DIR)/Pods-ZomatoUIKit-checkManifestLockResult.txt",
			);
			runOnlyForDeploymentPostprocessing = 0;
			shellPath = /bin/sh;
			shellScript = "diff \"${PODS_PODFILE_DIR_PATH}/Podfile.lock\" \"${PODS_ROOT}/Manifest.lock\" > /dev/null\nif [ $? != 0 ] ; then\n    # print error to STDERR\n    echo \"error: The sandbox is not in sync with the Podfile.lock. Run 'pod install' or update your CocoaPods installation.\" >&2\n    exit 1\nfi\n# This output is used by Xcode 'outputs' to avoid re-running this script phase.\necho \"SUCCESS\" > \"${SCRIPT_OUTPUT_FILE_0}\"\n";
			showEnvVarsInLog = 0;
		};
		F302FDB5F077212BBE7C9BEA /* [CP] Check Pods Manifest.lock */ = {
			isa = PBXShellScriptBuildPhase;
			buildActionMask = 2147483647;
			files = (
			);
			inputFileListPaths = (
			);
			inputPaths = (
				"${PODS_PODFILE_DIR_PATH}/Podfile.lock",
				"${PODS_ROOT}/Manifest.lock",
			);
			name = "[CP] Check Pods Manifest.lock";
			outputFileListPaths = (
			);
			outputPaths = (
				"$(DERIVED_FILE_DIR)/Pods-ZomatoUIKitTests-checkManifestLockResult.txt",
			);
			runOnlyForDeploymentPostprocessing = 0;
			shellPath = /bin/sh;
			shellScript = "diff \"${PODS_PODFILE_DIR_PATH}/Podfile.lock\" \"${PODS_ROOT}/Manifest.lock\" > /dev/null\nif [ $? != 0 ] ; then\n    # print error to STDERR\n    echo \"error: The sandbox is not in sync with the Podfile.lock. Run 'pod install' or update your CocoaPods installation.\" >&2\n    exit 1\nfi\n# This output is used by Xcode 'outputs' to avoid re-running this script phase.\necho \"SUCCESS\" > \"${SCRIPT_OUTPUT_FILE_0}\"\n";
			showEnvVarsInLog = 0;
		};
/* End PBXShellScriptBuildPhase section */

/* Begin PBXSourcesBuildPhase section */
		637321A025C8A6A80013874C /* Sources */ = {
			isa = PBXSourcesBuildPhase;
			buildActionMask = 2147483647;
			files = (
				637321D825C8A6CC0013874C /* UIColor+Theme.swift in Sources */,
				6374CC7525D1F0DB003EDDE0 /* SharedSequenceConvertibleType+Extensions.swift in Sources */,
				637321D925C8A6CC0013874C /* UIView+HuggingCompression.swift in Sources */,
				637321DA25C8A6CC0013874C /* UICollectionView+Factory.swift in Sources */,
				6395F23825DF0C6F00B1F8E4 /* UITapGestureRecognizer+ActionViewModel.swift in Sources */,
				637321E625C8A6CC0013874C /* NSObject+Accessibility.swift in Sources */,
				637321DE25C8A6CC0013874C /* RoundEdgesLabel.swift in Sources */,
				637321DC25C8A6CC0013874C /* UIView+Subviews.swift in Sources */,
				6395F22B25DF0C5800B1F8E4 /* BehaviorRelayDriver.swift in Sources */,
				637321D625C8A6CC0013874C /* UICollectionViewCell+CornerRadius.swift in Sources */,
				637321DD25C8A6CC0013874C /* UIView+Animation.swift in Sources */,
				6395F23925DF0C6F00B1F8E4 /* ReadOnlyActionViewModel.swift in Sources */,
				6395F23725DF0C6F00B1F8E4 /* UIButton+ActionViewModel.swift in Sources */,
				6395F23625DF0C6F00B1F8E4 /* ActionViewModel.swift in Sources */,
				637321DB25C8A6CC0013874C /* UIView+Shadow.swift in Sources */,
				637321D725C8A6CC0013874C /* UIStackView+Subviews.swift in Sources */,
				637321E425C8A6CC0013874C /* AccessibilityElementModel.swift in Sources */,
				637321E525C8A6CC0013874C /* UIAccessibilityTraits+AccessibilityElementTrait.swift in Sources */,
				6395F22C25DF0C5800B1F8E4 /* BehaviorRelay+TwoWayBind.swift in Sources */,
			);
			runOnlyForDeploymentPostprocessing = 0;
		};
		637321A925C8A6A90013874C /* Sources */ = {
			isa = PBXSourcesBuildPhase;
			buildActionMask = 2147483647;
			files = (
				637321B325C8A6A90013874C /* ZomatoUIKitTests.swift in Sources */,
			);
			runOnlyForDeploymentPostprocessing = 0;
		};
/* End PBXSourcesBuildPhase section */

/* Begin PBXTargetDependency section */
		637321B025C8A6A90013874C /* PBXTargetDependency */ = {
			isa = PBXTargetDependency;
			target = 637321A325C8A6A80013874C /* ZomatoUIKit */;
			targetProxy = 637321AF25C8A6A90013874C /* PBXContainerItemProxy */;
		};
/* End PBXTargetDependency section */

/* Begin XCBuildConfiguration section */
		637321B625C8A6A90013874C /* Debug */ = {
			isa = XCBuildConfiguration;
			buildSettings = {
				ALWAYS_SEARCH_USER_PATHS = NO;
				CLANG_ANALYZER_NONNULL = YES;
				CLANG_ANALYZER_NUMBER_OBJECT_CONVERSION = YES_AGGRESSIVE;
				CLANG_CXX_LANGUAGE_STANDARD = "gnu++14";
				CLANG_CXX_LIBRARY = "libc++";
				CLANG_ENABLE_MODULES = YES;
				CLANG_ENABLE_OBJC_ARC = YES;
				CLANG_ENABLE_OBJC_WEAK = YES;
				CLANG_WARN_BLOCK_CAPTURE_AUTORELEASING = YES;
				CLANG_WARN_BOOL_CONVERSION = YES;
				CLANG_WARN_COMMA = YES;
				CLANG_WARN_CONSTANT_CONVERSION = YES;
				CLANG_WARN_DEPRECATED_OBJC_IMPLEMENTATIONS = YES;
				CLANG_WARN_DIRECT_OBJC_ISA_USAGE = YES_ERROR;
				CLANG_WARN_DOCUMENTATION_COMMENTS = YES;
				CLANG_WARN_EMPTY_BODY = YES;
				CLANG_WARN_ENUM_CONVERSION = YES;
				CLANG_WARN_INFINITE_RECURSION = YES;
				CLANG_WARN_INT_CONVERSION = YES;
				CLANG_WARN_NON_LITERAL_NULL_CONVERSION = YES;
				CLANG_WARN_OBJC_IMPLICIT_RETAIN_SELF = YES;
				CLANG_WARN_OBJC_LITERAL_CONVERSION = YES;
				CLANG_WARN_OBJC_ROOT_CLASS = YES_ERROR;
				CLANG_WARN_QUOTED_INCLUDE_IN_FRAMEWORK_HEADER = YES;
				CLANG_WARN_RANGE_LOOP_ANALYSIS = YES;
				CLANG_WARN_STRICT_PROTOTYPES = YES;
				CLANG_WARN_SUSPICIOUS_MOVE = YES;
				CLANG_WARN_UNGUARDED_AVAILABILITY = YES_AGGRESSIVE;
				CLANG_WARN_UNREACHABLE_CODE = YES;
				CLANG_WARN__DUPLICATE_METHOD_MATCH = YES;
				COPY_PHASE_STRIP = NO;
				CURRENT_PROJECT_VERSION = 1;
				DEBUG_INFORMATION_FORMAT = dwarf;
				ENABLE_STRICT_OBJC_MSGSEND = YES;
				ENABLE_TESTABILITY = YES;
				GCC_C_LANGUAGE_STANDARD = gnu11;
				GCC_DYNAMIC_NO_PIC = NO;
				GCC_NO_COMMON_BLOCKS = YES;
				GCC_OPTIMIZATION_LEVEL = 0;
				GCC_PREPROCESSOR_DEFINITIONS = (
					"DEBUG=1",
					"$(inherited)",
				);
				GCC_WARN_64_TO_32_BIT_CONVERSION = YES;
				GCC_WARN_ABOUT_RETURN_TYPE = YES_ERROR;
				GCC_WARN_UNDECLARED_SELECTOR = YES;
				GCC_WARN_UNINITIALIZED_AUTOS = YES_AGGRESSIVE;
				GCC_WARN_UNUSED_FUNCTION = YES;
				GCC_WARN_UNUSED_VARIABLE = YES;
				IPHONEOS_DEPLOYMENT_TARGET = 14.2;
				MTL_ENABLE_DEBUG_INFO = INCLUDE_SOURCE;
				MTL_FAST_MATH = YES;
				ONLY_ACTIVE_ARCH = YES;
				SDKROOT = iphoneos;
				SWIFT_ACTIVE_COMPILATION_CONDITIONS = DEBUG;
				SWIFT_OPTIMIZATION_LEVEL = "-Onone";
				VERSIONING_SYSTEM = "apple-generic";
				VERSION_INFO_PREFIX = "";
			};
			name = Debug;
		};
		637321B725C8A6A90013874C /* Release */ = {
			isa = XCBuildConfiguration;
			buildSettings = {
				ALWAYS_SEARCH_USER_PATHS = NO;
				CLANG_ANALYZER_NONNULL = YES;
				CLANG_ANALYZER_NUMBER_OBJECT_CONVERSION = YES_AGGRESSIVE;
				CLANG_CXX_LANGUAGE_STANDARD = "gnu++14";
				CLANG_CXX_LIBRARY = "libc++";
				CLANG_ENABLE_MODULES = YES;
				CLANG_ENABLE_OBJC_ARC = YES;
				CLANG_ENABLE_OBJC_WEAK = YES;
				CLANG_WARN_BLOCK_CAPTURE_AUTORELEASING = YES;
				CLANG_WARN_BOOL_CONVERSION = YES;
				CLANG_WARN_COMMA = YES;
				CLANG_WARN_CONSTANT_CONVERSION = YES;
				CLANG_WARN_DEPRECATED_OBJC_IMPLEMENTATIONS = YES;
				CLANG_WARN_DIRECT_OBJC_ISA_USAGE = YES_ERROR;
				CLANG_WARN_DOCUMENTATION_COMMENTS = YES;
				CLANG_WARN_EMPTY_BODY = YES;
				CLANG_WARN_ENUM_CONVERSION = YES;
				CLANG_WARN_INFINITE_RECURSION = YES;
				CLANG_WARN_INT_CONVERSION = YES;
				CLANG_WARN_NON_LITERAL_NULL_CONVERSION = YES;
				CLANG_WARN_OBJC_IMPLICIT_RETAIN_SELF = YES;
				CLANG_WARN_OBJC_LITERAL_CONVERSION = YES;
				CLANG_WARN_OBJC_ROOT_CLASS = YES_ERROR;
				CLANG_WARN_QUOTED_INCLUDE_IN_FRAMEWORK_HEADER = YES;
				CLANG_WARN_RANGE_LOOP_ANALYSIS = YES;
				CLANG_WARN_STRICT_PROTOTYPES = YES;
				CLANG_WARN_SUSPICIOUS_MOVE = YES;
				CLANG_WARN_UNGUARDED_AVAILABILITY = YES_AGGRESSIVE;
				CLANG_WARN_UNREACHABLE_CODE = YES;
				CLANG_WARN__DUPLICATE_METHOD_MATCH = YES;
				COPY_PHASE_STRIP = NO;
				CURRENT_PROJECT_VERSION = 1;
				DEBUG_INFORMATION_FORMAT = "dwarf-with-dsym";
				ENABLE_NS_ASSERTIONS = NO;
				ENABLE_STRICT_OBJC_MSGSEND = YES;
				GCC_C_LANGUAGE_STANDARD = gnu11;
				GCC_NO_COMMON_BLOCKS = YES;
				GCC_WARN_64_TO_32_BIT_CONVERSION = YES;
				GCC_WARN_ABOUT_RETURN_TYPE = YES_ERROR;
				GCC_WARN_UNDECLARED_SELECTOR = YES;
				GCC_WARN_UNINITIALIZED_AUTOS = YES_AGGRESSIVE;
				GCC_WARN_UNUSED_FUNCTION = YES;
				GCC_WARN_UNUSED_VARIABLE = YES;
				IPHONEOS_DEPLOYMENT_TARGET = 14.2;
				MTL_ENABLE_DEBUG_INFO = NO;
				MTL_FAST_MATH = YES;
				SDKROOT = iphoneos;
				SWIFT_COMPILATION_MODE = wholemodule;
				SWIFT_OPTIMIZATION_LEVEL = "-O";
				VALIDATE_PRODUCT = YES;
				VERSIONING_SYSTEM = "apple-generic";
				VERSION_INFO_PREFIX = "";
			};
			name = Release;
		};
		637321B925C8A6A90013874C /* Debug */ = {
			isa = XCBuildConfiguration;
			baseConfigurationReference = 292334ECC4D8BBDF403ADD50 /* Pods-ZomatoUIKit.debug.xcconfig */;
			buildSettings = {
				CODE_SIGN_STYLE = Automatic;
				DEFINES_MODULE = YES;
				DYLIB_COMPATIBILITY_VERSION = 1;
				DYLIB_CURRENT_VERSION = 1;
				DYLIB_INSTALL_NAME_BASE = "@rpath";
				INFOPLIST_FILE = ZomatoUIKit/Info.plist;
				INSTALL_PATH = "$(LOCAL_LIBRARY_DIR)/Frameworks";
				LD_RUNPATH_SEARCH_PATHS = (
					"$(inherited)",
					"@executable_path/Frameworks",
					"@loader_path/Frameworks",
				);
				PRODUCT_BUNDLE_IDENTIFIER = effectivelikeaboss.com.ZomatoUIKit;
				PRODUCT_NAME = "$(TARGET_NAME:c99extidentifier)";
				SKIP_INSTALL = YES;
				SWIFT_VERSION = 5.0;
				TARGETED_DEVICE_FAMILY = "1,2";
			};
			name = Debug;
		};
		637321BA25C8A6A90013874C /* Release */ = {
			isa = XCBuildConfiguration;
			baseConfigurationReference = 7C287D190047DF085D7A59CE /* Pods-ZomatoUIKit.release.xcconfig */;
			buildSettings = {
				CODE_SIGN_STYLE = Automatic;
				DEFINES_MODULE = YES;
				DYLIB_COMPATIBILITY_VERSION = 1;
				DYLIB_CURRENT_VERSION = 1;
				DYLIB_INSTALL_NAME_BASE = "@rpath";
				INFOPLIST_FILE = ZomatoUIKit/Info.plist;
				INSTALL_PATH = "$(LOCAL_LIBRARY_DIR)/Frameworks";
				LD_RUNPATH_SEARCH_PATHS = (
					"$(inherited)",
					"@executable_path/Frameworks",
					"@loader_path/Frameworks",
				);
				PRODUCT_BUNDLE_IDENTIFIER = effectivelikeaboss.com.ZomatoUIKit;
				PRODUCT_NAME = "$(TARGET_NAME:c99extidentifier)";
				SKIP_INSTALL = YES;
				SWIFT_VERSION = 5.0;
				TARGETED_DEVICE_FAMILY = "1,2";
			};
			name = Release;
		};
		637321BC25C8A6A90013874C /* Debug */ = {
			isa = XCBuildConfiguration;
			baseConfigurationReference = 74D3281EAA2C1AF264B00690 /* Pods-ZomatoUIKitTests.debug.xcconfig */;
			buildSettings = {
				CODE_SIGN_STYLE = Automatic;
				INFOPLIST_FILE = ZomatoUIKitTests/Info.plist;
				LD_RUNPATH_SEARCH_PATHS = (
					"$(inherited)",
					"@executable_path/Frameworks",
					"@loader_path/Frameworks",
				);
				PRODUCT_BUNDLE_IDENTIFIER = effectivelikeaboss.com.ZomatoUIKitTests;
				PRODUCT_NAME = "$(TARGET_NAME)";
				SWIFT_VERSION = 5.0;
				TARGETED_DEVICE_FAMILY = "1,2";
			};
			name = Debug;
		};
		637321BD25C8A6A90013874C /* Release */ = {
			isa = XCBuildConfiguration;
			baseConfigurationReference = 066A93A7C3C854DA1DAE0112 /* Pods-ZomatoUIKitTests.release.xcconfig */;
			buildSettings = {
				CODE_SIGN_STYLE = Automatic;
				INFOPLIST_FILE = ZomatoUIKitTests/Info.plist;
				LD_RUNPATH_SEARCH_PATHS = (
					"$(inherited)",
					"@executable_path/Frameworks",
					"@loader_path/Frameworks",
				);
				PRODUCT_BUNDLE_IDENTIFIER = effectivelikeaboss.com.ZomatoUIKitTests;
				PRODUCT_NAME = "$(TARGET_NAME)";
				SWIFT_VERSION = 5.0;
				TARGETED_DEVICE_FAMILY = "1,2";
			};
			name = Release;
		};
/* End XCBuildConfiguration section */

/* Begin XCConfigurationList section */
		6373219E25C8A6A80013874C /* Build configuration list for PBXProject "ZomatoUIKit" */ = {
			isa = XCConfigurationList;
			buildConfigurations = (
				637321B625C8A6A90013874C /* Debug */,
				637321B725C8A6A90013874C /* Release */,
			);
			defaultConfigurationIsVisible = 0;
			defaultConfigurationName = Release;
		};
		637321B825C8A6A90013874C /* Build configuration list for PBXNativeTarget "ZomatoUIKit" */ = {
			isa = XCConfigurationList;
			buildConfigurations = (
				637321B925C8A6A90013874C /* Debug */,
				637321BA25C8A6A90013874C /* Release */,
			);
			defaultConfigurationIsVisible = 0;
			defaultConfigurationName = Release;
		};
		637321BB25C8A6A90013874C /* Build configuration list for PBXNativeTarget "ZomatoUIKitTests" */ = {
			isa = XCConfigurationList;
			buildConfigurations = (
				637321BC25C8A6A90013874C /* Debug */,
				637321BD25C8A6A90013874C /* Release */,
			);
			defaultConfigurationIsVisible = 0;
			defaultConfigurationName = Release;
		};
/* End XCConfigurationList section */
	};
	rootObject = 6373219B25C8A6A80013874C /* Project object */;
}
